
Microsoft Visual Studio Solution File, Format Version 12.00
# Visual Studio 15
VisualStudioVersion = 15.0.28010.2046
MinimumVisualStudioVersion = 10.0.40219.1
Project("{FAE04EC0-301F-11D3-BF4B-00C04F79EFBC}") = "Technical Interview Questions", "Technical Interview Questions\Technical Interview Questions.csproj", "{46098D78-BAA1-4640-9C39-833E238D6094}"
EndProject
Global
	GlobalSection(SolutionConfigurationPlatforms) = preSolution
		Debug|Any CPU = Debug|Any CPU
		Release|Any CPU = Release|Any CPU
	EndGlobalSection
	GlobalSection(ProjectConfigurationPlatforms) = postSolution
		{46098D78-BAA1-4640-9C39-833E238D6094}.Debug|Any CPU.ActiveCfg = Debug|Any CPU
		{46098D78-BAA1-4640-9C39-833E238D6094}.Debug|Any CPU.Build.0 = Debug|Any CPU
		{46098D78-BAA1-4640-9C39-833E238D6094}.Release|Any CPU.ActiveCfg = Release|Any CPU
		{46098D78-BAA1-4640-9C39-833E238D6094}.Release|Any CPU.Build.0 = Release|Any CPU
	EndGlobalSection
	GlobalSection(SolutionProperties) = preSolution
		HideSolutionNode = FALSE
	EndGlobalSection
	GlobalSection(ExtensibilityGlobals) = postSolution
		SolutionGuid = {5D81E1C9-62C7-4479-AEB5-F9821A6665A7}
	EndGlobalSection
EndGlobal
