
Microsoft Visual Studio Solution File, Format Version 12.00
# Visual Studio 15
VisualStudioVersion = 15.0.27703.2042
MinimumVisualStudioVersion = 10.0.40219.1
Project("{FAE04EC0-301F-11D3-BF4B-00C04F79EFBC}") = "Exercise_Structs", "Exercise_Structs\Exercise_Structs.csproj", "{135AE2F3-5399-4B5A-8540-8F0BF6DFE070}"
EndProject
Global
	GlobalSection(SolutionConfigurationPlatforms) = preSolution
		Debug|Any CPU = Debug|Any CPU
		Release|Any CPU = Release|Any CPU
	EndGlobalSection
	GlobalSection(ProjectConfigurationPlatforms) = postSolution
		{135AE2F3-5399-4B5A-8540-8F0BF6DFE070}.Debug|Any CPU.ActiveCfg = Debug|Any CPU
		{135AE2F3-5399-4B5A-8540-8F0BF6DFE070}.Debug|Any CPU.Build.0 = Debug|Any CPU
		{135AE2F3-5399-4B5A-8540-8F0BF6DFE070}.Release|Any CPU.ActiveCfg = Release|Any CPU
		{135AE2F3-5399-4B5A-8540-8F0BF6DFE070}.Release|Any CPU.Build.0 = Release|Any CPU
	EndGlobalSection
	GlobalSection(SolutionProperties) = preSolution
		HideSolutionNode = FALSE
	EndGlobalSection
	GlobalSection(ExtensibilityGlobals) = postSolution
		SolutionGuid = {2DD4353E-A2E1-40B4-881C-1E667E9E5856}
	EndGlobalSection
EndGlobal
