
Microsoft Visual Studio Solution File, Format Version 12.00
# Visual Studio 15
VisualStudioVersion = 15.0.27703.2042
MinimumVisualStudioVersion = 10.0.40219.1
Project("{FAE04EC0-301F-11D3-BF4B-00C04F79EFBC}") = "VS Website Test", "VS Website Test\VS Website Test.csproj", "{6722E91B-B738-455E-846A-D915D3453644}"
EndProject
Global
	GlobalSection(SolutionConfigurationPlatforms) = preSolution
		Debug|Any CPU = Debug|Any CPU
		Release|Any CPU = Release|Any CPU
	EndGlobalSection
	GlobalSection(ProjectConfigurationPlatforms) = postSolution
		{6722E91B-B738-455E-846A-D915D3453644}.Debug|Any CPU.ActiveCfg = Debug|Any CPU
		{6722E91B-B738-455E-846A-D915D3453644}.Debug|Any CPU.Build.0 = Debug|Any CPU
		{6722E91B-B738-455E-846A-D915D3453644}.Release|Any CPU.ActiveCfg = Release|Any CPU
		{6722E91B-B738-455E-846A-D915D3453644}.Release|Any CPU.Build.0 = Release|Any CPU
	EndGlobalSection
	GlobalSection(SolutionProperties) = preSolution
		HideSolutionNode = FALSE
	EndGlobalSection
	GlobalSection(ExtensibilityGlobals) = postSolution
		SolutionGuid = {841B1838-BCEA-431B-9D60-9DC154B0C9B2}
	EndGlobalSection
EndGlobal
